// !$*UTF8*$!
{
	archiveVersion = 1;
	classes = {
	};
	objectVersion = 50;
	objects = {

/* Begin PBXBuildFile section */
		C607DD1D25CFF9200025C4C0 /* NetworkProtocol.swift in Sources */ = {isa = PBXBuildFile; fileRef = C607DD1C25CFF9200025C4C0 /* NetworkProtocol.swift */; };
		C607DD2225CFF9500025C4C0 /* NetworkController.swift in Sources */ = {isa = PBXBuildFile; fileRef = C607DD2125CFF9500025C4C0 /* NetworkController.swift */; };
		C607DD2C25CFFB3B0025C4C0 /* NetworkError.swift in Sources */ = {isa = PBXBuildFile; fileRef = C607DD2B25CFFB3B0025C4C0 /* NetworkError.swift */; };
		C607DD3425CFFDAB0025C4C0 /* HTTPMethod.swift in Sources */ = {isa = PBXBuildFile; fileRef = C607DD3325CFFDAB0025C4C0 /* HTTPMethod.swift */; };
		C607DD3925CFFF040025C4C0 /* URLCenter.swift in Sources */ = {isa = PBXBuildFile; fileRef = C607DD3825CFFF040025C4C0 /* URLCenter.swift */; };
		C6109A4025D000A800115681 /* HTTPHeader.swift in Sources */ = {isa = PBXBuildFile; fileRef = C6109A3F25D000A800115681 /* HTTPHeader.swift */; };
		C6109A5025D0077600115681 /* HTTPHeaderKeys.swift in Sources */ = {isa = PBXBuildFile; fileRef = C6109A4F25D0077600115681 /* HTTPHeaderKeys.swift */; };
		C6109A5525D0088400115681 /* BundleConstants.swift in Sources */ = {isa = PBXBuildFile; fileRef = C6109A5425D0088400115681 /* BundleConstants.swift */; };
		C6109A6425D00F0A00115681 /* NetworkResponseHandlerProtocol.swift in Sources */ = {isa = PBXBuildFile; fileRef = C6109A6325D00F0A00115681 /* NetworkResponseHandlerProtocol.swift */; };
		C6109A6A25D0105000115681 /* SearchNetworkController.swift in Sources */ = {isa = PBXBuildFile; fileRef = C6109A6925D0105000115681 /* SearchNetworkController.swift */; };
		C619522725D0265F00B751BF /* SearchViewController+TableView.swift in Sources */ = {isa = PBXBuildFile; fileRef = C619522625D0265F00B751BF /* SearchViewController+TableView.swift */; };
		C619522C25D0269B00B751BF /* SearchViewController+Network.swift in Sources */ = {isa = PBXBuildFile; fileRef = C619522B25D0269B00B751BF /* SearchViewController+Network.swift */; };
		C653DC7D25D012B900F67F9B /* SearchNetworkProtocol.swift in Sources */ = {isa = PBXBuildFile; fileRef = C653DC7C25D012B900F67F9B /* SearchNetworkProtocol.swift */; };
		C653DC8225D014FF00F67F9B /* SearchResult.swift in Sources */ = {isa = PBXBuildFile; fileRef = C653DC8125D014FF00F67F9B /* SearchResult.swift */; };
		C653DC9125D016F200F67F9B /* Question.swift in Sources */ = {isa = PBXBuildFile; fileRef = C653DC9025D016F200F67F9B /* Question.swift */; };
		C653DC9925D01CA100F67F9B /* User.swift in Sources */ = {isa = PBXBuildFile; fileRef = C653DC9825D01CA100F67F9B /* User.swift */; };
		C65EF36E25CFF6DB00D8A310 /* SearchViewModel.swift in Sources */ = {isa = PBXBuildFile; fileRef = C65EF36D25CFF6DB00D8A310 /* SearchViewModel.swift */; };
		C6AC799C25CFE8C600C73D75 /* AppDelegate.swift in Sources */ = {isa = PBXBuildFile; fileRef = C6AC799B25CFE8C600C73D75 /* AppDelegate.swift */; };
		C6AC79A025CFE8C600C73D75 /* SearchViewController.swift in Sources */ = {isa = PBXBuildFile; fileRef = C6AC799F25CFE8C600C73D75 /* SearchViewController.swift */; };
		C6AC79A525CFE8C800C73D75 /* Assets.xcassets in Resources */ = {isa = PBXBuildFile; fileRef = C6AC79A425CFE8C800C73D75 /* Assets.xcassets */; };
		C6AC79A825CFE8C800C73D75 /* LaunchScreen.storyboard in Resources */ = {isa = PBXBuildFile; fileRef = C6AC79A625CFE8C800C73D75 /* LaunchScreen.storyboard */; };
		C6AC79B325CFE8C800C73D75 /* StackOverflowTests.swift in Sources */ = {isa = PBXBuildFile; fileRef = C6AC79B225CFE8C800C73D75 /* StackOverflowTests.swift */; };
		C6AC79BE25CFE8C800C73D75 /* StackOverflowUITests.swift in Sources */ = {isa = PBXBuildFile; fileRef = C6AC79BD25CFE8C800C73D75 /* StackOverflowUITests.swift */; };
		C6AC79F825CFEC4400C73D75 /* SearchResultsCell.swift in Sources */ = {isa = PBXBuildFile; fileRef = C6AC79F725CFEC4400C73D75 /* SearchResultsCell.swift */; };
		C6AC7A0025CFEC6300C73D75 /* Localisable.swift in Sources */ = {isa = PBXBuildFile; fileRef = C6AC79FF25CFEC6300C73D75 /* Localisable.swift */; };
		C6AC7A0525CFECA300C73D75 /* Localization.strings in Resources */ = {isa = PBXBuildFile; fileRef = C6AC7A0425CFECA300C73D75 /* Localization.strings */; };
		C6AC7A0B25CFECC700C73D75 /* StringsFile.swift in Sources */ = {isa = PBXBuildFile; fileRef = C6AC7A0A25CFECC700C73D75 /* StringsFile.swift */; };
		C6AC7A1625CFED4E00C73D75 /* StackCoordinatorProtocol.swift in Sources */ = {isa = PBXBuildFile; fileRef = C6AC7A1525CFED4E00C73D75 /* StackCoordinatorProtocol.swift */; };
		C6AC7A1B25CFED5C00C73D75 /* StackCoordinator.swift in Sources */ = {isa = PBXBuildFile; fileRef = C6AC7A1A25CFED5C00C73D75 /* StackCoordinator.swift */; };
		C6AC7A2125CFEDF700C73D75 /* DependencyManager.swift in Sources */ = {isa = PBXBuildFile; fileRef = C6AC7A2025CFEDF700C73D75 /* DependencyManager.swift */; };
		C6AC7A2625CFEE8700C73D75 /* DispatchOnMainThread.swift in Sources */ = {isa = PBXBuildFile; fileRef = C6AC7A2525CFEE8700C73D75 /* DispatchOnMainThread.swift */; };
		C6AC7A2C25CFEEA900C73D75 /* ApplicationRouter.swift in Sources */ = {isa = PBXBuildFile; fileRef = C6AC7A2B25CFEEA900C73D75 /* ApplicationRouter.swift */; };
		C6AC7A3425CFEF8E00C73D75 /* Colour.swift in Sources */ = {isa = PBXBuildFile; fileRef = C6AC7A3325CFEF8E00C73D75 /* Colour.swift */; };
		C6AC7A3925CFF0C900C73D75 /* BaseViewController.swift in Sources */ = {isa = PBXBuildFile; fileRef = C6AC7A3825CFF0C900C73D75 /* BaseViewController.swift */; };
		C6AC7A3E25CFF0D500C73D75 /* BaseTableViewCell.swift in Sources */ = {isa = PBXBuildFile; fileRef = C6AC7A3D25CFF0D500C73D75 /* BaseTableViewCell.swift */; };
		C6AC7A4425CFF10B00C73D75 /* DebugLog.swift in Sources */ = {isa = PBXBuildFile; fileRef = C6AC7A4325CFF10B00C73D75 /* DebugLog.swift */; };
		C6AC7A5025CFF17C00C73D75 /* BaseView.swift in Sources */ = {isa = PBXBuildFile; fileRef = C6AC7A4F25CFF17C00C73D75 /* BaseView.swift */; };
		C6AC7A5525CFF1A300C73D75 /* UITableViewCell.swift in Sources */ = {isa = PBXBuildFile; fileRef = C6AC7A5425CFF1A300C73D75 /* UITableViewCell.swift */; };
		C6AC7A6125CFF28400C73D75 /* Constraints.swift in Sources */ = {isa = PBXBuildFile; fileRef = C6AC7A6025CFF28400C73D75 /* Constraints.swift */; };
		C6AC7A6625CFF2A700C73D75 /* Layout.swift in Sources */ = {isa = PBXBuildFile; fileRef = C6AC7A6525CFF2A700C73D75 /* Layout.swift */; };
		C6AC7A6C25CFF34600C73D75 /* Observable.swift in Sources */ = {isa = PBXBuildFile; fileRef = C6AC7A6B25CFF34600C73D75 /* Observable.swift */; };
		C6AC7A7425CFF38B00C73D75 /* AlertController.swift in Sources */ = {isa = PBXBuildFile; fileRef = C6AC7A7325CFF38B00C73D75 /* AlertController.swift */; };
		C6AC7A8025CFF44C00C73D75 /* Rechability.swift in Sources */ = {isa = PBXBuildFile; fileRef = C6AC7A7F25CFF44C00C73D75 /* Rechability.swift */; };
		C6C5E92725D0221E003FE946 /* BaseNavigationController.swift in Sources */ = {isa = PBXBuildFile; fileRef = C6C5E92625D0221E003FE946 /* BaseNavigationController.swift */; };
		C6CD253625D02B3E00C3CA0D /* BaseTableViewController.swift in Sources */ = {isa = PBXBuildFile; fileRef = C6CD253525D02B3E00C3CA0D /* BaseTableViewController.swift */; };
/* End PBXBuildFile section */

/* Begin PBXContainerItemProxy section */
		C6AC79AF25CFE8C800C73D75 /* PBXContainerItemProxy */ = {
			isa = PBXContainerItemProxy;
			containerPortal = C6AC799025CFE8C600C73D75 /* Project object */;
			proxyType = 1;
			remoteGlobalIDString = C6AC799725CFE8C600C73D75;
			remoteInfo = StackOverflow;
		};
		C6AC79BA25CFE8C800C73D75 /* PBXContainerItemProxy */ = {
			isa = PBXContainerItemProxy;
			containerPortal = C6AC799025CFE8C600C73D75 /* Project object */;
			proxyType = 1;
			remoteGlobalIDString = C6AC799725CFE8C600C73D75;
			remoteInfo = StackOverflow;
		};
/* End PBXContainerItemProxy section */

/* Begin PBXFileReference section */
		C607DD1C25CFF9200025C4C0 /* NetworkProtocol.swift */ = {isa = PBXFileReference; lastKnownFileType = sourcecode.swift; path = NetworkProtocol.swift; sourceTree = "<group>"; };
		C607DD2125CFF9500025C4C0 /* NetworkController.swift */ = {isa = PBXFileReference; lastKnownFileType = sourcecode.swift; path = NetworkController.swift; sourceTree = "<group>"; };
		C607DD2B25CFFB3B0025C4C0 /* NetworkError.swift */ = {isa = PBXFileReference; lastKnownFileType = sourcecode.swift; path = NetworkError.swift; sourceTree = "<group>"; };
		C607DD3325CFFDAB0025C4C0 /* HTTPMethod.swift */ = {isa = PBXFileReference; lastKnownFileType = sourcecode.swift; path = HTTPMethod.swift; sourceTree = "<group>"; };
		C607DD3825CFFF040025C4C0 /* URLCenter.swift */ = {isa = PBXFileReference; lastKnownFileType = sourcecode.swift; path = URLCenter.swift; sourceTree = "<group>"; };
		C6109A3F25D000A800115681 /* HTTPHeader.swift */ = {isa = PBXFileReference; lastKnownFileType = sourcecode.swift; path = HTTPHeader.swift; sourceTree = "<group>"; };
		C6109A4F25D0077600115681 /* HTTPHeaderKeys.swift */ = {isa = PBXFileReference; lastKnownFileType = sourcecode.swift; path = HTTPHeaderKeys.swift; sourceTree = "<group>"; };
		C6109A5425D0088400115681 /* BundleConstants.swift */ = {isa = PBXFileReference; lastKnownFileType = sourcecode.swift; path = BundleConstants.swift; sourceTree = "<group>"; };
		C6109A6325D00F0A00115681 /* NetworkResponseHandlerProtocol.swift */ = {isa = PBXFileReference; lastKnownFileType = sourcecode.swift; path = NetworkResponseHandlerProtocol.swift; sourceTree = "<group>"; };
		C6109A6925D0105000115681 /* SearchNetworkController.swift */ = {isa = PBXFileReference; lastKnownFileType = sourcecode.swift; path = SearchNetworkController.swift; sourceTree = "<group>"; };
		C619522625D0265F00B751BF /* SearchViewController+TableView.swift */ = {isa = PBXFileReference; lastKnownFileType = sourcecode.swift; path = "SearchViewController+TableView.swift"; sourceTree = "<group>"; };
		C619522B25D0269B00B751BF /* SearchViewController+Network.swift */ = {isa = PBXFileReference; lastKnownFileType = sourcecode.swift; path = "SearchViewController+Network.swift"; sourceTree = "<group>"; };
		C653DC7C25D012B900F67F9B /* SearchNetworkProtocol.swift */ = {isa = PBXFileReference; lastKnownFileType = sourcecode.swift; path = SearchNetworkProtocol.swift; sourceTree = "<group>"; };
		C653DC8125D014FF00F67F9B /* SearchResult.swift */ = {isa = PBXFileReference; lastKnownFileType = sourcecode.swift; path = SearchResult.swift; sourceTree = "<group>"; };
		C653DC9025D016F200F67F9B /* Question.swift */ = {isa = PBXFileReference; lastKnownFileType = sourcecode.swift; path = Question.swift; sourceTree = "<group>"; };
		C653DC9825D01CA100F67F9B /* User.swift */ = {isa = PBXFileReference; lastKnownFileType = sourcecode.swift; path = User.swift; sourceTree = "<group>"; };
		C65EF36D25CFF6DB00D8A310 /* SearchViewModel.swift */ = {isa = PBXFileReference; lastKnownFileType = sourcecode.swift; path = SearchViewModel.swift; sourceTree = "<group>"; };
		C6AC799825CFE8C600C73D75 /* StackOverflow.app */ = {isa = PBXFileReference; explicitFileType = wrapper.application; includeInIndex = 0; path = StackOverflow.app; sourceTree = BUILT_PRODUCTS_DIR; };
		C6AC799B25CFE8C600C73D75 /* AppDelegate.swift */ = {isa = PBXFileReference; lastKnownFileType = sourcecode.swift; path = AppDelegate.swift; sourceTree = "<group>"; };
		C6AC799F25CFE8C600C73D75 /* SearchViewController.swift */ = {isa = PBXFileReference; lastKnownFileType = sourcecode.swift; path = SearchViewController.swift; sourceTree = "<group>"; };
		C6AC79A425CFE8C800C73D75 /* Assets.xcassets */ = {isa = PBXFileReference; lastKnownFileType = folder.assetcatalog; path = Assets.xcassets; sourceTree = "<group>"; };
		C6AC79A725CFE8C800C73D75 /* Base */ = {isa = PBXFileReference; lastKnownFileType = file.storyboard; name = Base; path = Base.lproj/LaunchScreen.storyboard; sourceTree = "<group>"; };
		C6AC79A925CFE8C800C73D75 /* Info.plist */ = {isa = PBXFileReference; lastKnownFileType = text.plist.xml; path = Info.plist; sourceTree = "<group>"; };
		C6AC79AE25CFE8C800C73D75 /* StackOverflowTests.xctest */ = {isa = PBXFileReference; explicitFileType = wrapper.cfbundle; includeInIndex = 0; path = StackOverflowTests.xctest; sourceTree = BUILT_PRODUCTS_DIR; };
		C6AC79B225CFE8C800C73D75 /* StackOverflowTests.swift */ = {isa = PBXFileReference; lastKnownFileType = sourcecode.swift; path = StackOverflowTests.swift; sourceTree = "<group>"; };
		C6AC79B425CFE8C800C73D75 /* Info.plist */ = {isa = PBXFileReference; lastKnownFileType = text.plist.xml; path = Info.plist; sourceTree = "<group>"; };
		C6AC79B925CFE8C800C73D75 /* StackOverflowUITests.xctest */ = {isa = PBXFileReference; explicitFileType = wrapper.cfbundle; includeInIndex = 0; path = StackOverflowUITests.xctest; sourceTree = BUILT_PRODUCTS_DIR; };
		C6AC79BD25CFE8C800C73D75 /* StackOverflowUITests.swift */ = {isa = PBXFileReference; lastKnownFileType = sourcecode.swift; path = StackOverflowUITests.swift; sourceTree = "<group>"; };
		C6AC79BF25CFE8C800C73D75 /* Info.plist */ = {isa = PBXFileReference; lastKnownFileType = text.plist.xml; path = Info.plist; sourceTree = "<group>"; };
		C6AC79F725CFEC4400C73D75 /* SearchResultsCell.swift */ = {isa = PBXFileReference; lastKnownFileType = sourcecode.swift; path = SearchResultsCell.swift; sourceTree = "<group>"; };
		C6AC79FF25CFEC6300C73D75 /* Localisable.swift */ = {isa = PBXFileReference; lastKnownFileType = sourcecode.swift; path = Localisable.swift; sourceTree = "<group>"; };
		C6AC7A0425CFECA300C73D75 /* Localization.strings */ = {isa = PBXFileReference; lastKnownFileType = text.plist.strings; path = Localization.strings; sourceTree = "<group>"; };
		C6AC7A0A25CFECC700C73D75 /* StringsFile.swift */ = {isa = PBXFileReference; lastKnownFileType = sourcecode.swift; path = StringsFile.swift; sourceTree = "<group>"; };
		C6AC7A1525CFED4E00C73D75 /* StackCoordinatorProtocol.swift */ = {isa = PBXFileReference; lastKnownFileType = sourcecode.swift; path = StackCoordinatorProtocol.swift; sourceTree = "<group>"; };
		C6AC7A1A25CFED5C00C73D75 /* StackCoordinator.swift */ = {isa = PBXFileReference; lastKnownFileType = sourcecode.swift; path = StackCoordinator.swift; sourceTree = "<group>"; };
		C6AC7A2025CFEDF700C73D75 /* DependencyManager.swift */ = {isa = PBXFileReference; lastKnownFileType = sourcecode.swift; path = DependencyManager.swift; sourceTree = "<group>"; };
		C6AC7A2525CFEE8700C73D75 /* DispatchOnMainThread.swift */ = {isa = PBXFileReference; lastKnownFileType = sourcecode.swift; path = DispatchOnMainThread.swift; sourceTree = "<group>"; };
		C6AC7A2B25CFEEA900C73D75 /* ApplicationRouter.swift */ = {isa = PBXFileReference; lastKnownFileType = sourcecode.swift; path = ApplicationRouter.swift; sourceTree = "<group>"; };
		C6AC7A3325CFEF8E00C73D75 /* Colour.swift */ = {isa = PBXFileReference; lastKnownFileType = sourcecode.swift; path = Colour.swift; sourceTree = "<group>"; };
		C6AC7A3825CFF0C900C73D75 /* BaseViewController.swift */ = {isa = PBXFileReference; lastKnownFileType = sourcecode.swift; path = BaseViewController.swift; sourceTree = "<group>"; };
		C6AC7A3D25CFF0D500C73D75 /* BaseTableViewCell.swift */ = {isa = PBXFileReference; lastKnownFileType = sourcecode.swift; path = BaseTableViewCell.swift; sourceTree = "<group>"; };
		C6AC7A4325CFF10B00C73D75 /* DebugLog.swift */ = {isa = PBXFileReference; lastKnownFileType = sourcecode.swift; path = DebugLog.swift; sourceTree = "<group>"; };
		C6AC7A4F25CFF17C00C73D75 /* BaseView.swift */ = {isa = PBXFileReference; lastKnownFileType = sourcecode.swift; path = BaseView.swift; sourceTree = "<group>"; };
		C6AC7A5425CFF1A300C73D75 /* UITableViewCell.swift */ = {isa = PBXFileReference; lastKnownFileType = sourcecode.swift; path = UITableViewCell.swift; sourceTree = "<group>"; };
		C6AC7A6025CFF28400C73D75 /* Constraints.swift */ = {isa = PBXFileReference; lastKnownFileType = sourcecode.swift; path = Constraints.swift; sourceTree = "<group>"; };
		C6AC7A6525CFF2A700C73D75 /* Layout.swift */ = {isa = PBXFileReference; lastKnownFileType = sourcecode.swift; path = Layout.swift; sourceTree = "<group>"; };
		C6AC7A6B25CFF34600C73D75 /* Observable.swift */ = {isa = PBXFileReference; lastKnownFileType = sourcecode.swift; path = Observable.swift; sourceTree = "<group>"; };
		C6AC7A7325CFF38B00C73D75 /* AlertController.swift */ = {isa = PBXFileReference; lastKnownFileType = sourcecode.swift; path = AlertController.swift; sourceTree = "<group>"; };
		C6AC7A7F25CFF44C00C73D75 /* Rechability.swift */ = {isa = PBXFileReference; lastKnownFileType = sourcecode.swift; path = Rechability.swift; sourceTree = "<group>"; };
		C6C5E92625D0221E003FE946 /* BaseNavigationController.swift */ = {isa = PBXFileReference; lastKnownFileType = sourcecode.swift; path = BaseNavigationController.swift; sourceTree = "<group>"; };
		C6CD253525D02B3E00C3CA0D /* BaseTableViewController.swift */ = {isa = PBXFileReference; lastKnownFileType = sourcecode.swift; path = BaseTableViewController.swift; sourceTree = "<group>"; };
/* End PBXFileReference section */

/* Begin PBXFrameworksBuildPhase section */
		C6AC799525CFE8C600C73D75 /* Frameworks */ = {
			isa = PBXFrameworksBuildPhase;
			buildActionMask = 2147483647;
			files = (
			);
			runOnlyForDeploymentPostprocessing = 0;
		};
		C6AC79AB25CFE8C800C73D75 /* Frameworks */ = {
			isa = PBXFrameworksBuildPhase;
			buildActionMask = 2147483647;
			files = (
			);
			runOnlyForDeploymentPostprocessing = 0;
		};
		C6AC79B625CFE8C800C73D75 /* Frameworks */ = {
			isa = PBXFrameworksBuildPhase;
			buildActionMask = 2147483647;
			files = (
			);
			runOnlyForDeploymentPostprocessing = 0;
		};
/* End PBXFrameworksBuildPhase section */

/* Begin PBXGroup section */
		C607DD1725CFF8950025C4C0 /* URLCenter */ = {
			isa = PBXGroup;
			children = (
				C607DD3825CFFF040025C4C0 /* URLCenter.swift */,
				C6109A4F25D0077600115681 /* HTTPHeaderKeys.swift */,
				C6109A5425D0088400115681 /* BundleConstants.swift */,
			);
			path = URLCenter;
			sourceTree = "<group>";
		};
		C607DD1825CFF8D50025C4C0 /* Observable */ = {
			isa = PBXGroup;
			children = (
				C6AC7A6B25CFF34600C73D75 /* Observable.swift */,
			);
			path = Observable;
			sourceTree = "<group>";
		};
		C607DD2625CFFAA30025C4C0 /* NetworkController */ = {
			isa = PBXGroup;
			children = (
				C607DD1C25CFF9200025C4C0 /* NetworkProtocol.swift */,
				C607DD2125CFF9500025C4C0 /* NetworkController.swift */,
			);
			path = NetworkController;
			sourceTree = "<group>";
		};
		C607DD2A25CFFB2D0025C4C0 /* Error */ = {
			isa = PBXGroup;
			children = (
				C607DD2B25CFFB3B0025C4C0 /* NetworkError.swift */,
			);
			path = Error;
			sourceTree = "<group>";
		};
		C6109A5C25D008D400115681 /* BundleConstants */ = {
			isa = PBXGroup;
			children = (
			);
			path = BundleConstants;
			sourceTree = "<group>";
		};
		C6109A6825D0103D00115681 /* SearchNetworkController */ = {
			isa = PBXGroup;
			children = (
				C653DC7C25D012B900F67F9B /* SearchNetworkProtocol.swift */,
				C6109A6925D0105000115681 /* SearchNetworkController.swift */,
			);
			path = SearchNetworkController;
			sourceTree = "<group>";
		};
		C6109A7125D0111500115681 /* NetworkResponseHandlerProtcol */ = {
			isa = PBXGroup;
			children = (
				C6109A6325D00F0A00115681 /* NetworkResponseHandlerProtocol.swift */,
			);
			path = NetworkResponseHandlerProtcol;
			sourceTree = "<group>";
		};
		C653DCA625D01DB000F67F9B /* HTTPMethodAndHeader */ = {
			isa = PBXGroup;
			children = (
				C607DD3325CFFDAB0025C4C0 /* HTTPMethod.swift */,
				C6109A3F25D000A800115681 /* HTTPHeader.swift */,
			);
			path = HTTPMethodAndHeader;
			sourceTree = "<group>";
		};
		C65EF37325CFF6E300D8A310 /* Model */ = {
			isa = PBXGroup;
			children = (
				C653DC8125D014FF00F67F9B /* SearchResult.swift */,
				C653DC9025D016F200F67F9B /* Question.swift */,
				C653DC9825D01CA100F67F9B /* User.swift */,
			);
			path = Model;
			sourceTree = "<group>";
		};
		C6AC798F25CFE8C600C73D75 = {
			isa = PBXGroup;
			children = (
				C6AC799A25CFE8C600C73D75 /* StackOverflow */,
				C6AC79B125CFE8C800C73D75 /* StackOverflowTests */,
				C6AC79BC25CFE8C800C73D75 /* StackOverflowUITests */,
				C6AC799925CFE8C600C73D75 /* Products */,
			);
			sourceTree = "<group>";
		};
		C6AC799925CFE8C600C73D75 /* Products */ = {
			isa = PBXGroup;
			children = (
				C6AC799825CFE8C600C73D75 /* StackOverflow.app */,
				C6AC79AE25CFE8C800C73D75 /* StackOverflowTests.xctest */,
				C6AC79B925CFE8C800C73D75 /* StackOverflowUITests.xctest */,
			);
			name = Products;
			sourceTree = "<group>";
		};
		C6AC799A25CFE8C600C73D75 /* StackOverflow */ = {
			isa = PBXGroup;
			children = (
				C6AC799B25CFE8C600C73D75 /* AppDelegate.swift */,
				C6AC79A425CFE8C800C73D75 /* Assets.xcassets */,
				C6AC79A625CFE8C800C73D75 /* LaunchScreen.storyboard */,
				C6AC79A925CFE8C800C73D75 /* Info.plist */,
				C6AC79D825CFEABB00C73D75 /* Controllers */,
				C6AC79D925CFEAD800C73D75 /* StackNetworkController */,
				C6AC79DF25CFEB2100C73D75 /* DevelopmentKit */,
				C6AC79DD25CFEB1000C73D75 /* ComponentsKit */,
				C6AC79DA25CFEAE700C73D75 /* StackUIKit */,
			);
			path = StackOverflow;
			sourceTree = "<group>";
		};
		C6AC79B125CFE8C800C73D75 /* StackOverflowTests */ = {
			isa = PBXGroup;
			children = (
				C6AC79B225CFE8C800C73D75 /* StackOverflowTests.swift */,
				C6AC79B425CFE8C800C73D75 /* Info.plist */,
			);
			path = StackOverflowTests;
			sourceTree = "<group>";
		};
		C6AC79BC25CFE8C800C73D75 /* StackOverflowUITests */ = {
			isa = PBXGroup;
			children = (
				C6AC79BD25CFE8C800C73D75 /* StackOverflowUITests.swift */,
				C6AC79BF25CFE8C800C73D75 /* Info.plist */,
			);
			path = StackOverflowUITests;
			sourceTree = "<group>";
		};
		C6AC79D725CFEAB300C73D75 /* Coordinator */ = {
			isa = PBXGroup;
			children = (
				C6AC7A1525CFED4E00C73D75 /* StackCoordinatorProtocol.swift */,
				C6AC7A1A25CFED5C00C73D75 /* StackCoordinator.swift */,
			);
			path = Coordinator;
			sourceTree = "<group>";
		};
		C6AC79D825CFEABB00C73D75 /* Controllers */ = {
			isa = PBXGroup;
			children = (
				C6AC79E525CFEBC900C73D75 /* SearchController */,
			);
			path = Controllers;
			sourceTree = "<group>";
		};
		C6AC79D925CFEAD800C73D75 /* StackNetworkController */ = {
			isa = PBXGroup;
			children = (
				C607DD2A25CFFB2D0025C4C0 /* Error */,
				C607DD1725CFF8950025C4C0 /* URLCenter */,
				C607DD1825CFF8D50025C4C0 /* Observable */,
				C6109A7125D0111500115681 /* NetworkResponseHandlerProtcol */,
				C607DD2625CFFAA30025C4C0 /* NetworkController */,
				C653DCA625D01DB000F67F9B /* HTTPMethodAndHeader */,
			);
			path = StackNetworkController;
			sourceTree = "<group>";
		};
		C6AC79DA25CFEAE700C73D75 /* StackUIKit */ = {
			isa = PBXGroup;
			children = (
				C6AC7A6A25CFF31700C73D75 /* AlertControllers */,
				C6AC7A5C25CFF25F00C73D75 /* Layout */,
				C6AC79DE25CFEB1A00C73D75 /* Extensions */,
				C6AC79DC25CFEB0500C73D75 /* Font */,
				C6AC79DB25CFEAFF00C73D75 /* Colours */,
			);
			path = StackUIKit;
			sourceTree = "<group>";
		};
		C6AC79DB25CFEAFF00C73D75 /* Colours */ = {
			isa = PBXGroup;
			children = (
				C6AC7A3325CFEF8E00C73D75 /* Colour.swift */,
			);
			path = Colours;
			sourceTree = "<group>";
		};
		C6AC79DC25CFEB0500C73D75 /* Font */ = {
			isa = PBXGroup;
			children = (
			);
			path = Font;
			sourceTree = "<group>";
		};
		C6AC79DD25CFEB1000C73D75 /* ComponentsKit */ = {
			isa = PBXGroup;
			children = (
				C6AC7A3825CFF0C900C73D75 /* BaseViewController.swift */,
				C6CD253525D02B3E00C3CA0D /* BaseTableViewController.swift */,
				C6AC7A3D25CFF0D500C73D75 /* BaseTableViewCell.swift */,
				C6AC7A4F25CFF17C00C73D75 /* BaseView.swift */,
				C6C5E92625D0221E003FE946 /* BaseNavigationController.swift */,
			);
			path = ComponentsKit;
			sourceTree = "<group>";
		};
		C6AC79DE25CFEB1A00C73D75 /* Extensions */ = {
			isa = PBXGroup;
			children = (
				C6AC7A5425CFF1A300C73D75 /* UITableViewCell.swift */,
			);
			path = Extensions;
			sourceTree = "<group>";
		};
		C6AC79DF25CFEB2100C73D75 /* DevelopmentKit */ = {
			isa = PBXGroup;
			children = (
				C6109A5C25D008D400115681 /* BundleConstants */,
				C6AC7A7B25CFF40E00C73D75 /* Rechabilty */,
				C6AC7A4225CFF10100C73D75 /* DebugLog */,
				C6AC7A2A25CFEE9F00C73D75 /* ApplicationRouter */,
				C6AC7A1F25CFEDDB00C73D75 /* DependencyManager */,
				C6AC79D725CFEAB300C73D75 /* Coordinator */,
				C6AC79E125CFEB8D00C73D75 /* Localization */,
				C6AC7A4B25CFF12C00C73D75 /* DispatchOnMainThread */,
			);
			path = DevelopmentKit;
			sourceTree = "<group>";
		};
		C6AC79E125CFEB8D00C73D75 /* Localization */ = {
			isa = PBXGroup;
			children = (
				C6AC79FF25CFEC6300C73D75 /* Localisable.swift */,
				C6AC7A0A25CFECC700C73D75 /* StringsFile.swift */,
				C6AC7A0425CFECA300C73D75 /* Localization.strings */,
			);
			path = Localization;
			sourceTree = "<group>";
		};
		C6AC79E525CFEBC900C73D75 /* SearchController */ = {
			isa = PBXGroup;
			children = (
				C65EF37325CFF6E300D8A310 /* Model */,
				C6109A6825D0103D00115681 /* SearchNetworkController */,
				C6AC79F625CFEBFC00C73D75 /* ViewModel */,
				C6AC79EE25CFEBED00C73D75 /* Controller */,
				C6AC79F525CFEBF700C73D75 /* Components */,
			);
			path = SearchController;
			sourceTree = "<group>";
		};
		C6AC79EE25CFEBED00C73D75 /* Controller */ = {
			isa = PBXGroup;
			children = (
				C6AC799F25CFE8C600C73D75 /* SearchViewController.swift */,
				C619522B25D0269B00B751BF /* SearchViewController+Network.swift */,
				C619522625D0265F00B751BF /* SearchViewController+TableView.swift */,
			);
			path = Controller;
			sourceTree = "<group>";
		};
		C6AC79F525CFEBF700C73D75 /* Components */ = {
			isa = PBXGroup;
			children = (
				C6AC79F725CFEC4400C73D75 /* SearchResultsCell.swift */,
			);
			path = Components;
			sourceTree = "<group>";
		};
		C6AC79F625CFEBFC00C73D75 /* ViewModel */ = {
			isa = PBXGroup;
			children = (
				C65EF36D25CFF6DB00D8A310 /* SearchViewModel.swift */,
			);
			path = ViewModel;
			sourceTree = "<group>";
		};
		C6AC7A1F25CFEDDB00C73D75 /* DependencyManager */ = {
			isa = PBXGroup;
			children = (
				C6AC7A2025CFEDF700C73D75 /* DependencyManager.swift */,
			);
			path = DependencyManager;
			sourceTree = "<group>";
		};
		C6AC7A2A25CFEE9F00C73D75 /* ApplicationRouter */ = {
			isa = PBXGroup;
			children = (
				C6AC7A2B25CFEEA900C73D75 /* ApplicationRouter.swift */,
			);
			path = ApplicationRouter;
			sourceTree = "<group>";
		};
		C6AC7A4225CFF10100C73D75 /* DebugLog */ = {
			isa = PBXGroup;
			children = (
				C6AC7A4325CFF10B00C73D75 /* DebugLog.swift */,
			);
			path = DebugLog;
			sourceTree = "<group>";
		};
		C6AC7A4B25CFF12C00C73D75 /* DispatchOnMainThread */ = {
			isa = PBXGroup;
			children = (
				C6AC7A2525CFEE8700C73D75 /* DispatchOnMainThread.swift */,
			);
			path = DispatchOnMainThread;
			sourceTree = "<group>";
		};
		C6AC7A5C25CFF25F00C73D75 /* Layout */ = {
			isa = PBXGroup;
			children = (
				C6AC7A6025CFF28400C73D75 /* Constraints.swift */,
				C6AC7A6525CFF2A700C73D75 /* Layout.swift */,
			);
			path = Layout;
			sourceTree = "<group>";
		};
		C6AC7A6A25CFF31700C73D75 /* AlertControllers */ = {
			isa = PBXGroup;
			children = (
				C6AC7A7325CFF38B00C73D75 /* AlertController.swift */,
			);
			path = AlertControllers;
			sourceTree = "<group>";
		};
		C6AC7A7B25CFF40E00C73D75 /* Rechabilty */ = {
			isa = PBXGroup;
			children = (
				C6AC7A7F25CFF44C00C73D75 /* Rechability.swift */,
			);
			path = Rechabilty;
			sourceTree = "<group>";
		};
/* End PBXGroup section */

/* Begin PBXNativeTarget section */
		C6AC799725CFE8C600C73D75 /* StackOverflow */ = {
			isa = PBXNativeTarget;
			buildConfigurationList = C6AC79C225CFE8C800C73D75 /* Build configuration list for PBXNativeTarget "StackOverflow" */;
			buildPhases = (
				C6AC799425CFE8C600C73D75 /* Sources */,
				C6AC799525CFE8C600C73D75 /* Frameworks */,
				C6AC799625CFE8C600C73D75 /* Resources */,
			);
			buildRules = (
			);
			dependencies = (
			);
			name = StackOverflow;
			productName = StackOverflow;
			productReference = C6AC799825CFE8C600C73D75 /* StackOverflow.app */;
			productType = "com.apple.product-type.application";
		};
		C6AC79AD25CFE8C800C73D75 /* StackOverflowTests */ = {
			isa = PBXNativeTarget;
			buildConfigurationList = C6AC79C525CFE8C800C73D75 /* Build configuration list for PBXNativeTarget "StackOverflowTests" */;
			buildPhases = (
				C6AC79AA25CFE8C800C73D75 /* Sources */,
				C6AC79AB25CFE8C800C73D75 /* Frameworks */,
				C6AC79AC25CFE8C800C73D75 /* Resources */,
			);
			buildRules = (
			);
			dependencies = (
				C6AC79B025CFE8C800C73D75 /* PBXTargetDependency */,
			);
			name = StackOverflowTests;
			productName = StackOverflowTests;
			productReference = C6AC79AE25CFE8C800C73D75 /* StackOverflowTests.xctest */;
			productType = "com.apple.product-type.bundle.unit-test";
		};
		C6AC79B825CFE8C800C73D75 /* StackOverflowUITests */ = {
			isa = PBXNativeTarget;
			buildConfigurationList = C6AC79C825CFE8C800C73D75 /* Build configuration list for PBXNativeTarget "StackOverflowUITests" */;
			buildPhases = (
				C6AC79B525CFE8C800C73D75 /* Sources */,
				C6AC79B625CFE8C800C73D75 /* Frameworks */,
				C6AC79B725CFE8C800C73D75 /* Resources */,
			);
			buildRules = (
			);
			dependencies = (
				C6AC79BB25CFE8C800C73D75 /* PBXTargetDependency */,
			);
			name = StackOverflowUITests;
			productName = StackOverflowUITests;
			productReference = C6AC79B925CFE8C800C73D75 /* StackOverflowUITests.xctest */;
			productType = "com.apple.product-type.bundle.ui-testing";
		};
/* End PBXNativeTarget section */

/* Begin PBXProject section */
		C6AC799025CFE8C600C73D75 /* Project object */ = {
			isa = PBXProject;
			attributes = {
				LastSwiftUpdateCheck = 1240;
				LastUpgradeCheck = 1240;
				TargetAttributes = {
					C6AC799725CFE8C600C73D75 = {
						CreatedOnToolsVersion = 12.4;
					};
					C6AC79AD25CFE8C800C73D75 = {
						CreatedOnToolsVersion = 12.4;
						TestTargetID = C6AC799725CFE8C600C73D75;
					};
					C6AC79B825CFE8C800C73D75 = {
						CreatedOnToolsVersion = 12.4;
						TestTargetID = C6AC799725CFE8C600C73D75;
					};
				};
			};
			buildConfigurationList = C6AC799325CFE8C600C73D75 /* Build configuration list for PBXProject "StackOverflow" */;
			compatibilityVersion = "Xcode 9.3";
			developmentRegion = en;
			hasScannedForEncodings = 0;
			knownRegions = (
				en,
				Base,
			);
			mainGroup = C6AC798F25CFE8C600C73D75;
			productRefGroup = C6AC799925CFE8C600C73D75 /* Products */;
			projectDirPath = "";
			projectRoot = "";
			targets = (
				C6AC799725CFE8C600C73D75 /* StackOverflow */,
				C6AC79AD25CFE8C800C73D75 /* StackOverflowTests */,
				C6AC79B825CFE8C800C73D75 /* StackOverflowUITests */,
			);
		};
/* End PBXProject section */

/* Begin PBXResourcesBuildPhase section */
		C6AC799625CFE8C600C73D75 /* Resources */ = {
			isa = PBXResourcesBuildPhase;
			buildActionMask = 2147483647;
			files = (
				C6AC79A825CFE8C800C73D75 /* LaunchScreen.storyboard in Resources */,
				C6AC7A0525CFECA300C73D75 /* Localization.strings in Resources */,
				C6AC79A525CFE8C800C73D75 /* Assets.xcassets in Resources */,
			);
			runOnlyForDeploymentPostprocessing = 0;
		};
		C6AC79AC25CFE8C800C73D75 /* Resources */ = {
			isa = PBXResourcesBuildPhase;
			buildActionMask = 2147483647;
			files = (
			);
			runOnlyForDeploymentPostprocessing = 0;
		};
		C6AC79B725CFE8C800C73D75 /* Resources */ = {
			isa = PBXResourcesBuildPhase;
			buildActionMask = 2147483647;
			files = (
			);
			runOnlyForDeploymentPostprocessing = 0;
		};
/* End PBXResourcesBuildPhase section */

/* Begin PBXSourcesBuildPhase section */
		C6AC799425CFE8C600C73D75 /* Sources */ = {
			isa = PBXSourcesBuildPhase;
			buildActionMask = 2147483647;
			files = (
				C619522C25D0269B00B751BF /* SearchViewController+Network.swift in Sources */,
				C6AC7A3925CFF0C900C73D75 /* BaseViewController.swift in Sources */,
				C6CD253625D02B3E00C3CA0D /* BaseTableViewController.swift in Sources */,
				C653DC9125D016F200F67F9B /* Question.swift in Sources */,
				C6109A5025D0077600115681 /* HTTPHeaderKeys.swift in Sources */,
				C6AC79A025CFE8C600C73D75 /* SearchViewController.swift in Sources */,
				C6AC7A2625CFEE8700C73D75 /* DispatchOnMainThread.swift in Sources */,
				C6AC7A2C25CFEEA900C73D75 /* ApplicationRouter.swift in Sources */,
				C6AC7A7425CFF38B00C73D75 /* AlertController.swift in Sources */,
				C607DD2225CFF9500025C4C0 /* NetworkController.swift in Sources */,
				C607DD3925CFFF040025C4C0 /* URLCenter.swift in Sources */,
				C6AC7A6125CFF28400C73D75 /* Constraints.swift in Sources */,
				C6AC7A3E25CFF0D500C73D75 /* BaseTableViewCell.swift in Sources */,
				C6AC7A4425CFF10B00C73D75 /* DebugLog.swift in Sources */,
				C6AC7A3425CFEF8E00C73D75 /* Colour.swift in Sources */,
				C6109A6425D00F0A00115681 /* NetworkResponseHandlerProtocol.swift in Sources */,
				C6109A4025D000A800115681 /* HTTPHeader.swift in Sources */,
				C6AC79F825CFEC4400C73D75 /* SearchResultsCell.swift in Sources */,
				C6C5E92725D0221E003FE946 /* BaseNavigationController.swift in Sources */,
				C653DC9925D01CA100F67F9B /* User.swift in Sources */,
				C6AC7A1B25CFED5C00C73D75 /* StackCoordinator.swift in Sources */,
				C653DC7D25D012B900F67F9B /* SearchNetworkProtocol.swift in Sources */,
				C6AC799C25CFE8C600C73D75 /* AppDelegate.swift in Sources */,
				C653DC8225D014FF00F67F9B /* SearchResult.swift in Sources */,
				C6AC7A0B25CFECC700C73D75 /* StringsFile.swift in Sources */,
				C65EF36E25CFF6DB00D8A310 /* SearchViewModel.swift in Sources */,
				C6AC7A6625CFF2A700C73D75 /* Layout.swift in Sources */,
				C6AC7A1625CFED4E00C73D75 /* StackCoordinatorProtocol.swift in Sources */,
				C6AC7A8025CFF44C00C73D75 /* Rechability.swift in Sources */,
				C6AC7A2125CFEDF700C73D75 /* DependencyManager.swift in Sources */,
				C619522725D0265F00B751BF /* SearchViewController+TableView.swift in Sources */,
				C6AC7A6C25CFF34600C73D75 /* Observable.swift in Sources */,
				C6109A6A25D0105000115681 /* SearchNetworkController.swift in Sources */,
				C607DD1D25CFF9200025C4C0 /* NetworkProtocol.swift in Sources */,
				C6AC7A0025CFEC6300C73D75 /* Localisable.swift in Sources */,
				C607DD3425CFFDAB0025C4C0 /* HTTPMethod.swift in Sources */,
				C607DD2C25CFFB3B0025C4C0 /* NetworkError.swift in Sources */,
				C6109A5525D0088400115681 /* BundleConstants.swift in Sources */,
				C6AC7A5025CFF17C00C73D75 /* BaseView.swift in Sources */,
				C6AC7A5525CFF1A300C73D75 /* UITableViewCell.swift in Sources */,
			);
			runOnlyForDeploymentPostprocessing = 0;
		};
		C6AC79AA25CFE8C800C73D75 /* Sources */ = {
			isa = PBXSourcesBuildPhase;
			buildActionMask = 2147483647;
			files = (
				C6AC79B325CFE8C800C73D75 /* StackOverflowTests.swift in Sources */,
			);
			runOnlyForDeploymentPostprocessing = 0;
		};
		C6AC79B525CFE8C800C73D75 /* Sources */ = {
			isa = PBXSourcesBuildPhase;
			buildActionMask = 2147483647;
			files = (
				C6AC79BE25CFE8C800C73D75 /* StackOverflowUITests.swift in Sources */,
			);
			runOnlyForDeploymentPostprocessing = 0;
		};
/* End PBXSourcesBuildPhase section */

/* Begin PBXTargetDependency section */
		C6AC79B025CFE8C800C73D75 /* PBXTargetDependency */ = {
			isa = PBXTargetDependency;
			target = C6AC799725CFE8C600C73D75 /* StackOverflow */;
			targetProxy = C6AC79AF25CFE8C800C73D75 /* PBXContainerItemProxy */;
		};
		C6AC79BB25CFE8C800C73D75 /* PBXTargetDependency */ = {
			isa = PBXTargetDependency;
			target = C6AC799725CFE8C600C73D75 /* StackOverflow */;
			targetProxy = C6AC79BA25CFE8C800C73D75 /* PBXContainerItemProxy */;
		};
/* End PBXTargetDependency section */

/* Begin PBXVariantGroup section */
		C6AC79A625CFE8C800C73D75 /* LaunchScreen.storyboard */ = {
			isa = PBXVariantGroup;
			children = (
				C6AC79A725CFE8C800C73D75 /* Base */,
			);
			name = LaunchScreen.storyboard;
			sourceTree = "<group>";
		};
/* End PBXVariantGroup section */

/* Begin XCBuildConfiguration section */
		C6AC79C025CFE8C800C73D75 /* Debug */ = {
			isa = XCBuildConfiguration;
			buildSettings = {
				ALWAYS_SEARCH_USER_PATHS = NO;
				CLANG_ANALYZER_NONNULL = YES;
				CLANG_ANALYZER_NUMBER_OBJECT_CONVERSION = YES_AGGRESSIVE;
				CLANG_CXX_LANGUAGE_STANDARD = "gnu++14";
				CLANG_CXX_LIBRARY = "libc++";
				CLANG_ENABLE_MODULES = YES;
				CLANG_ENABLE_OBJC_ARC = YES;
				CLANG_ENABLE_OBJC_WEAK = YES;
				CLANG_WARN_BLOCK_CAPTURE_AUTORELEASING = YES;
				CLANG_WARN_BOOL_CONVERSION = YES;
				CLANG_WARN_COMMA = YES;
				CLANG_WARN_CONSTANT_CONVERSION = YES;
				CLANG_WARN_DEPRECATED_OBJC_IMPLEMENTATIONS = YES;
				CLANG_WARN_DIRECT_OBJC_ISA_USAGE = YES_ERROR;
				CLANG_WARN_DOCUMENTATION_COMMENTS = YES;
				CLANG_WARN_EMPTY_BODY = YES;
				CLANG_WARN_ENUM_CONVERSION = YES;
				CLANG_WARN_INFINITE_RECURSION = YES;
				CLANG_WARN_INT_CONVERSION = YES;
				CLANG_WARN_NON_LITERAL_NULL_CONVERSION = YES;
				CLANG_WARN_OBJC_IMPLICIT_RETAIN_SELF = YES;
				CLANG_WARN_OBJC_LITERAL_CONVERSION = YES;
				CLANG_WARN_OBJC_ROOT_CLASS = YES_ERROR;
				CLANG_WARN_QUOTED_INCLUDE_IN_FRAMEWORK_HEADER = YES;
				CLANG_WARN_RANGE_LOOP_ANALYSIS = YES;
				CLANG_WARN_STRICT_PROTOTYPES = YES;
				CLANG_WARN_SUSPICIOUS_MOVE = YES;
				CLANG_WARN_UNGUARDED_AVAILABILITY = YES_AGGRESSIVE;
				CLANG_WARN_UNREACHABLE_CODE = YES;
				CLANG_WARN__DUPLICATE_METHOD_MATCH = YES;
				COPY_PHASE_STRIP = NO;
				DEBUG_INFORMATION_FORMAT = dwarf;
				ENABLE_STRICT_OBJC_MSGSEND = YES;
				ENABLE_TESTABILITY = YES;
				GCC_C_LANGUAGE_STANDARD = gnu11;
				GCC_DYNAMIC_NO_PIC = NO;
				GCC_NO_COMMON_BLOCKS = YES;
				GCC_OPTIMIZATION_LEVEL = 0;
				GCC_PREPROCESSOR_DEFINITIONS = (
					"DEBUG=1",
					"$(inherited)",
				);
				GCC_WARN_64_TO_32_BIT_CONVERSION = YES;
				GCC_WARN_ABOUT_RETURN_TYPE = YES_ERROR;
				GCC_WARN_UNDECLARED_SELECTOR = YES;
				GCC_WARN_UNINITIALIZED_AUTOS = YES_AGGRESSIVE;
				GCC_WARN_UNUSED_FUNCTION = YES;
				GCC_WARN_UNUSED_VARIABLE = YES;
				IPHONEOS_DEPLOYMENT_TARGET = 14.4;
				MTL_ENABLE_DEBUG_INFO = INCLUDE_SOURCE;
				MTL_FAST_MATH = YES;
				ONLY_ACTIVE_ARCH = YES;
				SDKROOT = iphoneos;
				SWIFT_ACTIVE_COMPILATION_CONDITIONS = DEBUG;
				SWIFT_OPTIMIZATION_LEVEL = "-Onone";
			};
			name = Debug;
		};
		C6AC79C125CFE8C800C73D75 /* Release */ = {
			isa = XCBuildConfiguration;
			buildSettings = {
				ALWAYS_SEARCH_USER_PATHS = NO;
				CLANG_ANALYZER_NONNULL = YES;
				CLANG_ANALYZER_NUMBER_OBJECT_CONVERSION = YES_AGGRESSIVE;
				CLANG_CXX_LANGUAGE_STANDARD = "gnu++14";
				CLANG_CXX_LIBRARY = "libc++";
				CLANG_ENABLE_MODULES = YES;
				CLANG_ENABLE_OBJC_ARC = YES;
				CLANG_ENABLE_OBJC_WEAK = YES;
				CLANG_WARN_BLOCK_CAPTURE_AUTORELEASING = YES;
				CLANG_WARN_BOOL_CONVERSION = YES;
				CLANG_WARN_COMMA = YES;
				CLANG_WARN_CONSTANT_CONVERSION = YES;
				CLANG_WARN_DEPRECATED_OBJC_IMPLEMENTATIONS = YES;
				CLANG_WARN_DIRECT_OBJC_ISA_USAGE = YES_ERROR;
				CLANG_WARN_DOCUMENTATION_COMMENTS = YES;
				CLANG_WARN_EMPTY_BODY = YES;
				CLANG_WARN_ENUM_CONVERSION = YES;
				CLANG_WARN_INFINITE_RECURSION = YES;
				CLANG_WARN_INT_CONVERSION = YES;
				CLANG_WARN_NON_LITERAL_NULL_CONVERSION = YES;
				CLANG_WARN_OBJC_IMPLICIT_RETAIN_SELF = YES;
				CLANG_WARN_OBJC_LITERAL_CONVERSION = YES;
				CLANG_WARN_OBJC_ROOT_CLASS = YES_ERROR;
				CLANG_WARN_QUOTED_INCLUDE_IN_FRAMEWORK_HEADER = YES;
				CLANG_WARN_RANGE_LOOP_ANALYSIS = YES;
				CLANG_WARN_STRICT_PROTOTYPES = YES;
				CLANG_WARN_SUSPICIOUS_MOVE = YES;
				CLANG_WARN_UNGUARDED_AVAILABILITY = YES_AGGRESSIVE;
				CLANG_WARN_UNREACHABLE_CODE = YES;
				CLANG_WARN__DUPLICATE_METHOD_MATCH = YES;
				COPY_PHASE_STRIP = NO;
				DEBUG_INFORMATION_FORMAT = "dwarf-with-dsym";
				ENABLE_NS_ASSERTIONS = NO;
				ENABLE_STRICT_OBJC_MSGSEND = YES;
				GCC_C_LANGUAGE_STANDARD = gnu11;
				GCC_NO_COMMON_BLOCKS = YES;
				GCC_WARN_64_TO_32_BIT_CONVERSION = YES;
				GCC_WARN_ABOUT_RETURN_TYPE = YES_ERROR;
				GCC_WARN_UNDECLARED_SELECTOR = YES;
				GCC_WARN_UNINITIALIZED_AUTOS = YES_AGGRESSIVE;
				GCC_WARN_UNUSED_FUNCTION = YES;
				GCC_WARN_UNUSED_VARIABLE = YES;
				IPHONEOS_DEPLOYMENT_TARGET = 14.4;
				MTL_ENABLE_DEBUG_INFO = NO;
				MTL_FAST_MATH = YES;
				SDKROOT = iphoneos;
				SWIFT_COMPILATION_MODE = wholemodule;
				SWIFT_OPTIMIZATION_LEVEL = "-O";
				VALIDATE_PRODUCT = YES;
			};
			name = Release;
		};
		C6AC79C325CFE8C800C73D75 /* Debug */ = {
			isa = XCBuildConfiguration;
			buildSettings = {
				ASSETCATALOG_COMPILER_APPICON_NAME = AppIcon;
				ASSETCATALOG_COMPILER_GLOBAL_ACCENT_COLOR_NAME = AccentColor;
				CODE_SIGN_STYLE = Automatic;
				INFOPLIST_FILE = StackOverflow/Info.plist;
				LD_RUNPATH_SEARCH_PATHS = (
					"$(inherited)",
					"@executable_path/Frameworks",
				);
				MARKETING_VERSION = 1.0.0;
				PRODUCT_BUNDLE_IDENTIFIER = app.stackoverflow.search.StackOverflow;
				PRODUCT_NAME = "$(TARGET_NAME)";
				SWIFT_COMPILATION_MODE = wholemodule;
				SWIFT_VERSION = 5.0;
				TARGETED_DEVICE_FAMILY = 1;
			};
			name = Debug;
		};
		C6AC79C425CFE8C800C73D75 /* Release */ = {
			isa = XCBuildConfiguration;
			buildSettings = {
				ASSETCATALOG_COMPILER_APPICON_NAME = AppIcon;
				ASSETCATALOG_COMPILER_GLOBAL_ACCENT_COLOR_NAME = AccentColor;
				CODE_SIGN_STYLE = Automatic;
				INFOPLIST_FILE = StackOverflow/Info.plist;
				LD_RUNPATH_SEARCH_PATHS = (
					"$(inherited)",
					"@executable_path/Frameworks",
				);
				MARKETING_VERSION = 1.0.0;
				PRODUCT_BUNDLE_IDENTIFIER = app.stackoverflow.search.StackOverflow;
				PRODUCT_NAME = "$(TARGET_NAME)";
				SWIFT_VERSION = 5.0;
				TARGETED_DEVICE_FAMILY = 1;
			};
			name = Release;
		};
		C6AC79C625CFE8C800C73D75 /* Debug */ = {
			isa = XCBuildConfiguration;
			buildSettings = {
				ALWAYS_EMBED_SWIFT_STANDARD_LIBRARIES = YES;
				BUNDLE_LOADER = "$(TEST_HOST)";
				CODE_SIGN_STYLE = Automatic;
				INFOPLIST_FILE = StackOverflowTests/Info.plist;
				IPHONEOS_DEPLOYMENT_TARGET = 14.4;
				LD_RUNPATH_SEARCH_PATHS = (
					"$(inherited)",
					"@executable_path/Frameworks",
					"@loader_path/Frameworks",
				);
				PRODUCT_BUNDLE_IDENTIFIER = app.stackoverflow.search.StackOverflowTests;
				PRODUCT_NAME = "$(TARGET_NAME)";
				SWIFT_VERSION = 5.0;
				TARGETED_DEVICE_FAMILY = "1,2";
				TEST_HOST = "$(BUILT_PRODUCTS_DIR)/StackOverflow.app/StackOverflow";
			};
			name = Debug;
		};
		C6AC79C725CFE8C800C73D75 /* Release */ = {
			isa = XCBuildConfiguration;
			buildSettings = {
				ALWAYS_EMBED_SWIFT_STANDARD_LIBRARIES = YES;
				BUNDLE_LOADER = "$(TEST_HOST)";
				CODE_SIGN_STYLE = Automatic;
				INFOPLIST_FILE = StackOverflowTests/Info.plist;
				IPHONEOS_DEPLOYMENT_TARGET = 14.4;
				LD_RUNPATH_SEARCH_PATHS = (
					"$(inherited)",
					"@executable_path/Frameworks",
					"@loader_path/Frameworks",
				);
				PRODUCT_BUNDLE_IDENTIFIER = app.stackoverflow.search.StackOverflowTests;
				PRODUCT_NAME = "$(TARGET_NAME)";
				SWIFT_VERSION = 5.0;
				TARGETED_DEVICE_FAMILY = "1,2";
				TEST_HOST = "$(BUILT_PRODUCTS_DIR)/StackOverflow.app/StackOverflow";
			};
			name = Release;
		};
		C6AC79C925CFE8C800C73D75 /* Debug */ = {
			isa = XCBuildConfiguration;
			buildSettings = {
				ALWAYS_EMBED_SWIFT_STANDARD_LIBRARIES = YES;
				CODE_SIGN_STYLE = Automatic;
				INFOPLIST_FILE = StackOverflowUITests/Info.plist;
				LD_RUNPATH_SEARCH_PATHS = (
					"$(inherited)",
					"@executable_path/Frameworks",
					"@loader_path/Frameworks",
				);
				PRODUCT_BUNDLE_IDENTIFIER = app.stackoverflow.search.StackOverflowUITests;
				PRODUCT_NAME = "$(TARGET_NAME)";
				SWIFT_VERSION = 5.0;
				TARGETED_DEVICE_FAMILY = "1,2";
				TEST_TARGET_NAME = StackOverflow;
			};
			name = Debug;
		};
		C6AC79CA25CFE8C800C73D75 /* Release */ = {
			isa = XCBuildConfiguration;
			buildSettings = {
				ALWAYS_EMBED_SWIFT_STANDARD_LIBRARIES = YES;
				CODE_SIGN_STYLE = Automatic;
				INFOPLIST_FILE = StackOverflowUITests/Info.plist;
				LD_RUNPATH_SEARCH_PATHS = (
					"$(inherited)",
					"@executable_path/Frameworks",
					"@loader_path/Frameworks",
				);
				PRODUCT_BUNDLE_IDENTIFIER = app.stackoverflow.search.StackOverflowUITests;
				PRODUCT_NAME = "$(TARGET_NAME)";
				SWIFT_VERSION = 5.0;
				TARGETED_DEVICE_FAMILY = "1,2";
				TEST_TARGET_NAME = StackOverflow;
			};
			name = Release;
		};
/* End XCBuildConfiguration section */

/* Begin XCConfigurationList section */
		C6AC799325CFE8C600C73D75 /* Build configuration list for PBXProject "StackOverflow" */ = {
			isa = XCConfigurationList;
			buildConfigurations = (
				C6AC79C025CFE8C800C73D75 /* Debug */,
				C6AC79C125CFE8C800C73D75 /* Release */,
			);
			defaultConfigurationIsVisible = 0;
			defaultConfigurationName = Release;
		};
		C6AC79C225CFE8C800C73D75 /* Build configuration list for PBXNativeTarget "StackOverflow" */ = {
			isa = XCConfigurationList;
			buildConfigurations = (
				C6AC79C325CFE8C800C73D75 /* Debug */,
				C6AC79C425CFE8C800C73D75 /* Release */,
			);
			defaultConfigurationIsVisible = 0;
			defaultConfigurationName = Release;
		};
		C6AC79C525CFE8C800C73D75 /* Build configuration list for PBXNativeTarget "StackOverflowTests" */ = {
			isa = XCConfigurationList;
			buildConfigurations = (
				C6AC79C625CFE8C800C73D75 /* Debug */,
				C6AC79C725CFE8C800C73D75 /* Release */,
			);
			defaultConfigurationIsVisible = 0;
			defaultConfigurationName = Release;
		};
		C6AC79C825CFE8C800C73D75 /* Build configuration list for PBXNativeTarget "StackOverflowUITests" */ = {
			isa = XCConfigurationList;
			buildConfigurations = (
				C6AC79C925CFE8C800C73D75 /* Debug */,
				C6AC79CA25CFE8C800C73D75 /* Release */,
			);
			defaultConfigurationIsVisible = 0;
			defaultConfigurationName = Release;
		};
/* End XCConfigurationList section */
	};
	rootObject = C6AC799025CFE8C600C73D75 /* Project object */;
}
